// !$*UTF8*$!
{
	archiveVersion = 1;
	classes = {
	};
	objectVersion = 48;
	objects = {

/* Begin PBXBuildFile section */
		1078110F1FC8933C00F0A505 /* AppDelegate.swift in Sources */ = {isa = PBXBuildFile; fileRef = 1078110E1FC8933C00F0A505 /* AppDelegate.swift */; };
		107811111FC8933C00F0A505 /* ViewController.swift in Sources */ = {isa = PBXBuildFile; fileRef = 107811101FC8933C00F0A505 /* ViewController.swift */; };
		107811141FC8933C00F0A505 /* Main.storyboard in Resources */ = {isa = PBXBuildFile; fileRef = 107811121FC8933C00F0A505 /* Main.storyboard */; };
		107811161FC8933C00F0A505 /* Assets.xcassets in Resources */ = {isa = PBXBuildFile; fileRef = 107811151FC8933C00F0A505 /* Assets.xcassets */; };
		107811191FC8933C00F0A505 /* LaunchScreen.storyboard in Resources */ = {isa = PBXBuildFile; fileRef = 107811171FC8933C00F0A505 /* LaunchScreen.storyboard */; };
		107811221FC8966200F0A505 /* Demo1ViewController.swift in Sources */ = {isa = PBXBuildFile; fileRef = 107811211FC8966200F0A505 /* Demo1ViewController.swift */; };
/* End PBXBuildFile section */

/* Begin PBXFileReference section */
		1078110B1FC8933C00F0A505 /* iphonex.app */ = {isa = PBXFileReference; explicitFileType = wrapper.application; includeInIndex = 0; path = iphonex.app; sourceTree = BUILT_PRODUCTS_DIR; };
		1078110E1FC8933C00F0A505 /* AppDelegate.swift */ = {isa = PBXFileReference; lastKnownFileType = sourcecode.swift; path = AppDelegate.swift; sourceTree = "<group>"; };
		107811101FC8933C00F0A505 /* ViewController.swift */ = {isa = PBXFileReference; lastKnownFileType = sourcecode.swift; path = ViewController.swift; sourceTree = "<group>"; };
		107811131FC8933C00F0A505 /* Base */ = {isa = PBXFileReference; lastKnownFileType = file.storyboard; name = Base; path = Base.lproj/Main.storyboard; sourceTree = "<group>"; };
		107811151FC8933C00F0A505 /* Assets.xcassets */ = {isa = PBXFileReference; lastKnownFileType = folder.assetcatalog; path = Assets.xcassets; sourceTree = "<group>"; };
		107811181FC8933C00F0A505 /* Base */ = {isa = PBXFileReference; lastKnownFileType = file.storyboard; name = Base; path = Base.lproj/LaunchScreen.storyboard; sourceTree = "<group>"; };
		1078111A1FC8933C00F0A505 /* Info.plist */ = {isa = PBXFileReference; lastKnownFileType = text.plist.xml; path = Info.plist; sourceTree = "<group>"; };
		107811211FC8966200F0A505 /* Demo1ViewController.swift */ = {isa = PBXFileReference; lastKnownFileType = sourcecode.swift; path = Demo1ViewController.swift; sourceTree = "<group>"; };
/* End PBXFileReference section */

/* Begin PBXFrameworksBuildPhase section */
		107811081FC8933C00F0A505 /* Frameworks */ = {
			isa = PBXFrameworksBuildPhase;
			buildActionMask = 2147483647;
			files = (
			);
			runOnlyForDeploymentPostprocessing = 0;
		};
/* End PBXFrameworksBuildPhase section */

/* Begin PBXGroup section */
		107811021FC8933C00F0A505 = {
			isa = PBXGroup;
			children = (
				1078110D1FC8933C00F0A505 /* iphonex */,
				1078110C1FC8933C00F0A505 /* Products */,
			);
			sourceTree = "<group>";
		};
		1078110C1FC8933C00F0A505 /* Products */ = {
			isa = PBXGroup;
			children = (
				1078110B1FC8933C00F0A505 /* iphonex.app */,
			);
			name = Products;
			sourceTree = "<group>";
		};
		1078110D1FC8933C00F0A505 /* iphonex */ = {
			isa = PBXGroup;
			children = (
				107811201FC8963C00F0A505 /* Demos */,
				1078110E1FC8933C00F0A505 /* AppDelegate.swift */,
				107811101FC8933C00F0A505 /* ViewController.swift */,
				107811121FC8933C00F0A505 /* Main.storyboard */,
				107811151FC8933C00F0A505 /* Assets.xcassets */,
				107811171FC8933C00F0A505 /* LaunchScreen.storyboard */,
				1078111A1FC8933C00F0A505 /* Info.plist */,
			);
			path = iphonex;
			sourceTree = "<group>";
		};
		107811201FC8963C00F0A505 /* Demos */ = {
			isa = PBXGroup;
			children = (
				107811211FC8966200F0A505 /* Demo1ViewController.swift */,
			);
			path = Demos;
			sourceTree = "<group>";
		};
/* End PBXGroup section */

/* Begin PBXNativeTarget section */
		1078110A1FC8933C00F0A505 /* iphonex */ = {
			isa = PBXNativeTarget;
			buildConfigurationList = 1078111D1FC8933C00F0A505 /* Build configuration list for PBXNativeTarget "iphonex" */;
			buildPhases = (
				107811071FC8933C00F0A505 /* Sources */,
				107811081FC8933C00F0A505 /* Frameworks */,
				107811091FC8933C00F0A505 /* Resources */,
			);
			buildRules = (
			);
			dependencies = (
			);
			name = iphonex;
			productName = iphonex;
			productReference = 1078110B1FC8933C00F0A505 /* iphonex.app */;
			productType = "com.apple.product-type.application";
		};
/* End PBXNativeTarget section */

/* Begin PBXProject section */
		107811031FC8933C00F0A505 /* Project object */ = {
			isa = PBXProject;
			attributes = {
				LastSwiftUpdateCheck = 0910;
				LastUpgradeCheck = 0910;
				ORGANIZATIONNAME = swiftcafe;
				TargetAttributes = {
					1078110A1FC8933C00F0A505 = {
						CreatedOnToolsVersion = 9.1;
						ProvisioningStyle = Automatic;
					};
				};
			};
			buildConfigurationList = 107811061FC8933C00F0A505 /* Build configuration list for PBXProject "iphonex" */;
			compatibilityVersion = "Xcode 8.0";
			developmentRegion = en;
			hasScannedForEncodings = 0;
			knownRegions = (
				en,
				Base,
			);
			mainGroup = 107811021FC8933C00F0A505;
			productRefGroup = 1078110C1FC8933C00F0A505 /* Products */;
			projectDirPath = "";
			projectRoot = "";
			targets = (
				1078110A1FC8933C00F0A505 /* iphonex */,
			);
		};
/* End PBXProject section */

/* Begin PBXResourcesBuildPhase section */
		107811091FC8933C00F0A505 /* Resources */ = {
			isa = PBXResourcesBuildPhase;
			buildActionMask = 2147483647;
			files = (
				107811191FC8933C00F0A505 /* LaunchScreen.storyboard in Resources */,
				107811161FC8933C00F0A505 /* Assets.xcassets in Resources */,
				107811141FC8933C00F0A505 /* Main.storyboard in Resources */,
			);
			runOnlyForDeploymentPostprocessing = 0;
		};
/* End PBXResourcesBuildPhase section */

/* Begin PBXSourcesBuildPhase section */
		107811071FC8933C00F0A505 /* Sources */ = {
			isa = PBXSourcesBuildPhase;
			buildActionMask = 2147483647;
			files = (
				107811221FC8966200F0A505 /* Demo1ViewController.swift in Sources */,
				107811111FC8933C00F0A505 /* ViewController.swift in Sources */,
				1078110F1FC8933C00F0A505 /* AppDelegate.swift in Sources */,
			);
			runOnlyForDeploymentPostprocessing = 0;
		};
/* End PBXSourcesBuildPhase section */

/* Begin PBXVariantGroup section */
		107811121FC8933C00F0A505 /* Main.storyboard */ = {
			isa = PBXVariantGroup;
			children = (
				107811131FC8933C00F0A505 /* Base */,
			);
			name = Main.storyboard;
			sourceTree = "<group>";
		};
		107811171FC8933C00F0A505 /* LaunchScreen.storyboard */ = {
			isa = PBXVariantGroup;
			children = (
				107811181FC8933C00F0A505 /* Base */,
			);
			name = LaunchScreen.storyboard;
			sourceTree = "<group>";
		};
/* End PBXVariantGroup section */

/* Begin XCBuildConfiguration section */
		1078111B1FC8933C00F0A505 /* Debug */ = {
			isa = XCBuildConfiguration;
			buildSettings = {
				ALWAYS_SEARCH_USER_PATHS = NO;
				CLANG_ANALYZER_NONNULL = YES;
				CLANG_ANALYZER_NUMBER_OBJECT_CONVERSION = YES_AGGRESSIVE;
				CLANG_CXX_LANGUAGE_STANDARD = "gnu++14";
				CLANG_CXX_LIBRARY = "libc++";
				CLANG_ENABLE_MODULES = YES;
				CLANG_ENABLE_OBJC_ARC = YES;
				CLANG_WARN_BLOCK_CAPTURE_AUTORELEASING = YES;
				CLANG_WARN_BOOL_CONVERSION = YES;
				CLANG_WARN_COMMA = YES;
				CLANG_WARN_CONSTANT_CONVERSION = YES;
				CLANG_WARN_DIRECT_OBJC_ISA_USAGE = YES_ERROR;
				CLANG_WARN_DOCUMENTATION_COMMENTS = YES;
				CLANG_WARN_EMPTY_BODY = YES;
				CLANG_WARN_ENUM_CONVERSION = YES;
				CLANG_WARN_INFINITE_RECURSION = YES;
				CLANG_WARN_INT_CONVERSION = YES;
				CLANG_WARN_NON_LITERAL_NULL_CONVERSION = YES;
				CLANG_WARN_OBJC_LITERAL_CONVERSION = YES;
				CLANG_WARN_OBJC_ROOT_CLASS = YES_ERROR;
				CLANG_WARN_RANGE_LOOP_ANALYSIS = YES;
				CLANG_WARN_STRICT_PROTOTYPES = YES;
				CLANG_WARN_SUSPICIOUS_MOVE = YES;
				CLANG_WARN_UNGUARDED_AVAILABILITY = YES_AGGRESSIVE;
				CLANG_WARN_UNREACHABLE_CODE = YES;
				CLANG_WARN__DUPLICATE_METHOD_MATCH = YES;
				CODE_SIGN_IDENTITY = "iPhone Developer";
				COPY_PHASE_STRIP = NO;
				DEBUG_INFORMATION_FORMAT = dwarf;
				ENABLE_STRICT_OBJC_MSGSEND = YES;
				ENABLE_TESTABILITY = YES;
				GCC_C_LANGUAGE_STANDARD = gnu11;
				GCC_DYNAMIC_NO_PIC = NO;
				GCC_NO_COMMON_BLOCKS = YES;
				GCC_OPTIMIZATION_LEVEL = 0;
				GCC_PREPROCESSOR_DEFINITIONS = (
					"DEBUG=1",
					"$(inherited)",
				);
				GCC_WARN_64_TO_32_BIT_CONVERSION = YES;
				GCC_WARN_ABOUT_RETURN_TYPE = YES_ERROR;
				GCC_WARN_UNDECLARED_SELECTOR = YES;
				GCC_WARN_UNINITIALIZED_AUTOS = YES_AGGRESSIVE;
				GCC_WARN_UNUSED_FUNCTION = YES;
				GCC_WARN_UNUSED_VARIABLE = YES;
				IPHONEOS_DEPLOYMENT_TARGET = 11.1;
				MTL_ENABLE_DEBUG_INFO = YES;
				ONLY_ACTIVE_ARCH = YES;
				SDKROOT = iphoneos;
				SWIFT_ACTIVE_COMPILATION_CONDITIONS = DEBUG;
				SWIFT_OPTIMIZATION_LEVEL = "-Onone";
			};
			name = Debug;
		};
		1078111C1FC8933C00F0A505 /* Release */ = {
			isa = XCBuildConfiguration;
			buildSettings = {
				ALWAYS_SEARCH_USER_PATHS = NO;
				CLANG_ANALYZER_NONNULL = YES;
				CLANG_ANALYZER_NUMBER_OBJECT_CONVERSION = YES_AGGRESSIVE;
				CLANG_CXX_LANGUAGE_STANDARD = "gnu++14";
				CLANG_CXX_LIBRARY = "libc++";
				CLANG_ENABLE_MODULES = YES;
				CLANG_ENABLE_OBJC_ARC = YES;
				CLANG_WARN_BLOCK_CAPTURE_AUTORELEASING = YES;
				CLANG_WARN_BOOL_CONVERSION = YES;
				CLANG_WARN_COMMA = YES;
				CLANG_WARN_CONSTANT_CONVERSION = YES;
				CLANG_WARN_DIRECT_OBJC_ISA_USAGE = YES_ERROR;
				CLANG_WARN_DOCUMENTATION_COMMENTS = YES;
				CLANG_WARN_EMPTY_BODY = YES;
				CLANG_WARN_ENUM_CONVERSION = YES;
				CLANG_WARN_INFINITE_RECURSION = YES;
				CLANG_WARN_INT_CONVERSION = YES;
				CLANG_WARN_NON_LITERAL_NULL_CONVERSION = YES;
				CLANG_WARN_OBJC_LITERAL_CONVERSION = YES;
				CLANG_WARN_OBJC_ROOT_CLASS = YES_ERROR;
				CLANG_WARN_RANGE_LOOP_ANALYSIS = YES;
				CLANG_WARN_STRICT_PROTOTYPES = YES;
				CLANG_WARN_SUSPICIOUS_MOVE = YES;
				CLANG_WARN_UNGUARDED_AVAILABILITY = YES_AGGRESSIVE;
				CLANG_WARN_UNREACHABLE_CODE = YES;
				CLANG_WARN__DUPLICATE_METHOD_MATCH = YES;
				CODE_SIGN_IDENTITY = "iPhone Developer";
				COPY_PHASE_STRIP = NO;
				DEBUG_INFORMATION_FORMAT = "dwarf-with-dsym";
				ENABLE_NS_ASSERTIONS = NO;
				ENABLE_STRICT_OBJC_MSGSEND = YES;
				GCC_C_LANGUAGE_STANDARD = gnu11;
				GCC_NO_COMMON_BLOCKS = YES;
				GCC_WARN_64_TO_32_BIT_CONVERSION = YES;
				GCC_WARN_ABOUT_RETURN_TYPE = YES_ERROR;
				GCC_WARN_UNDECLARED_SELECTOR = YES;
				GCC_WARN_UNINITIALIZED_AUTOS = YES_AGGRESSIVE;
				GCC_WARN_UNUSED_FUNCTION = YES;
				GCC_WARN_UNUSED_VARIABLE = YES;
				IPHONEOS_DEPLOYMENT_TARGET = 11.1;
				MTL_ENABLE_DEBUG_INFO = NO;
				SDKROOT = iphoneos;
				SWIFT_OPTIMIZATION_LEVEL = "-Owholemodule";
				VALIDATE_PRODUCT = YES;
			};
			name = Release;
		};
		1078111E1FC8933C00F0A505 /* Debug */ = {
			isa = XCBuildConfiguration;
			buildSettings = {
				ASSETCATALOG_COMPILER_APPICON_NAME = AppIcon;
				CODE_SIGN_STYLE = Automatic;
				INFOPLIST_FILE = iphonex/Info.plist;
				LD_RUNPATH_SEARCH_PATHS = "$(inherited) @executable_path/Frameworks";
				PRODUCT_BUNDLE_IDENTIFIER = io.swift.demo.iphonex;
				PRODUCT_NAME = "$(TARGET_NAME)";
				SWIFT_VERSION = 4.0;
				TARGETED_DEVICE_FAMILY = "1,2";
			};
			name = Debug;
		};
		1078111F1FC8933C00F0A505 /* Release */ = {
			isa = XCBuildConfiguration;
			buildSettings = {
				ASSETCATALOG_COMPILER_APPICON_NAME = AppIcon;
				CODE_SIGN_STYLE = Automatic;
				INFOPLIST_FILE = iphonex/Info.plist;
				LD_RUNPATH_SEARCH_PATHS = "$(inherited) @executable_path/Frameworks";
				PRODUCT_BUNDLE_IDENTIFIER = io.swift.demo.iphonex;
				PRODUCT_NAME = "$(TARGET_NAME)";
				SWIFT_VERSION = 4.0;
				TARGETED_DEVICE_FAMILY = "1,2";
			};
			name = Release;
		};
/* End XCBuildConfiguration section */

/* Begin XCConfigurationList section */
		107811061FC8933C00F0A505 /* Build configuration list for PBXProject "iphonex" */ = {
			isa = XCConfigurationList;
			buildConfigurations = (
				1078111B1FC8933C00F0A505 /* Debug */,
				1078111C1FC8933C00F0A505 /* Release */,
			);
			defaultConfigurationIsVisible = 0;
			defaultConfigurationName = Release;
		};
		1078111D1FC8933C00F0A505 /* Build configuration list for PBXNativeTarget "iphonex" */ = {
			isa = XCConfigurationList;
			buildConfigurations = (
				1078111E1FC8933C00F0A505 /* Debug */,
				1078111F1FC8933C00F0A505 /* Release */,
			);
			defaultConfigurationIsVisible = 0;
			defaultConfigurationName = Release;
		};
/* End XCConfigurationList section */
	};
	rootObject = 107811031FC8933C00F0A505 /* Project object */;
}
